
Microsoft Visual Studio Solution File, Format Version 12.00
# Visual Studio Version 16
VisualStudioVersion = 16.0.30225.117
MinimumVisualStudioVersion = 10.0.40219.1
Project("{FAE04EC0-301F-11D3-BF4B-00C04F79EFBC}") = "high low", "high low\high low.csproj", "{D4A1A84C-E2E1-44F4-81F8-FCC4D616FDD4}"
EndProject
Global
	GlobalSection(SolutionConfigurationPlatforms) = preSolution
		Debug|Any CPU = Debug|Any CPU
		Release|Any CPU = Release|Any CPU
	EndGlobalSection
	GlobalSection(ProjectConfigurationPlatforms) = postSolution
		{D4A1A84C-E2E1-44F4-81F8-FCC4D616FDD4}.Debug|Any CPU.ActiveCfg = Debug|Any CPU
		{D4A1A84C-E2E1-44F4-81F8-FCC4D616FDD4}.Debug|Any CPU.Build.0 = Debug|Any CPU
		{D4A1A84C-E2E1-44F4-81F8-FCC4D616FDD4}.Release|Any CPU.ActiveCfg = Release|Any CPU
		{D4A1A84C-E2E1-44F4-81F8-FCC4D616FDD4}.Release|Any CPU.Build.0 = Release|Any CPU
	EndGlobalSection
	GlobalSection(SolutionProperties) = preSolution
		HideSolutionNode = FALSE
	EndGlobalSection
	GlobalSection(ExtensibilityGlobals) = postSolution
		SolutionGuid = {1D52734A-B756-4814-AAC2-A13FC00B263F}
	EndGlobalSection
EndGlobal
